
Microsoft Visual Studio Solution File, Format Version 12.00
# Visual Studio Version 16
VisualStudioVersion = 16.0.29613.14
MinimumVisualStudioVersion = 10.0.40219.1
Project("{888888A0-9F3D-457C-B088-3A5042F75D52}") = "loggrep", "loggrep\loggrep.pyproj", "{D95DB353-9792-47F5-91DD-80C2863BF936}"
EndProject
Global
	GlobalSection(SolutionConfigurationPlatforms) = preSolution
		Debug|Any CPU = Debug|Any CPU
		Release|Any CPU = Release|Any CPU
	EndGlobalSection
	GlobalSection(ProjectConfigurationPlatforms) = postSolution
		{D95DB353-9792-47F5-91DD-80C2863BF936}.Debug|Any CPU.ActiveCfg = Debug|Any CPU
		{D95DB353-9792-47F5-91DD-80C2863BF936}.Release|Any CPU.ActiveCfg = Release|Any CPU
	EndGlobalSection
	GlobalSection(SolutionProperties) = preSolution
		HideSolutionNode = FALSE
	EndGlobalSection
	GlobalSection(ExtensibilityGlobals) = postSolution
		SolutionGuid = {51473469-B479-4103-A491-0670A8BC6622}
	EndGlobalSection
EndGlobal
